
Microsoft Visual Studio Solution File, Format Version 12.00
# Visual Studio Version 16
VisualStudioVersion = 16.0.30204.135
MinimumVisualStudioVersion = 10.0.40219.1
Project("{FAE04EC0-301F-11D3-BF4B-00C04F79EFBC}") = "DesginStack", "DesginStack\DesginStack.csproj", "{3C6A7EF4-22D9-4B48-BE0D-64F61BC534EB}"
EndProject
Global
	GlobalSection(SolutionConfigurationPlatforms) = preSolution
		Debug|Any CPU = Debug|Any CPU
		Release|Any CPU = Release|Any CPU
	EndGlobalSection
	GlobalSection(ProjectConfigurationPlatforms) = postSolution
		{3C6A7EF4-22D9-4B48-BE0D-64F61BC534EB}.Debug|Any CPU.ActiveCfg = Debug|Any CPU
		{3C6A7EF4-22D9-4B48-BE0D-64F61BC534EB}.Debug|Any CPU.Build.0 = Debug|Any CPU
		{3C6A7EF4-22D9-4B48-BE0D-64F61BC534EB}.Release|Any CPU.ActiveCfg = Release|Any CPU
		{3C6A7EF4-22D9-4B48-BE0D-64F61BC534EB}.Release|Any CPU.Build.0 = Release|Any CPU
	EndGlobalSection
	GlobalSection(SolutionProperties) = preSolution
		HideSolutionNode = FALSE
	EndGlobalSection
	GlobalSection(ExtensibilityGlobals) = postSolution
		SolutionGuid = {BB8DE2E9-7EA9-4B89-BF01-72BD318419E7}
	EndGlobalSection
EndGlobal
